
Microsoft Visual Studio Solution File, Format Version 12.00
# Visual Studio Version 16
VisualStudioVersion = 16.0.33328.57
MinimumVisualStudioVersion = 10.0.40219.1
Project("{FAE04EC0-301F-11D3-BF4B-00C04F79EFBC}") = "ESOFT_Final", "ESOFT_Final.csproj", "{BB4FBE0D-BD67-4BC5-B293-63CCD6234501}"
EndProject
Global
	GlobalSection(SolutionConfigurationPlatforms) = preSolution
		Debug|Any CPU = Debug|Any CPU
		Release|Any CPU = Release|Any CPU
	EndGlobalSection
	GlobalSection(ProjectConfigurationPlatforms) = postSolution
		{BB4FBE0D-BD67-4BC5-B293-63CCD6234501}.Debug|Any CPU.ActiveCfg = Debug|Any CPU
		{BB4FBE0D-BD67-4BC5-B293-63CCD6234501}.Debug|Any CPU.Build.0 = Debug|Any CPU
		{BB4FBE0D-BD67-4BC5-B293-63CCD6234501}.Release|Any CPU.ActiveCfg = Release|Any CPU
		{BB4FBE0D-BD67-4BC5-B293-63CCD6234501}.Release|Any CPU.Build.0 = Release|Any CPU
	EndGlobalSection
	GlobalSection(SolutionProperties) = preSolution
		HideSolutionNode = FALSE
	EndGlobalSection
	GlobalSection(ExtensibilityGlobals) = postSolution
		SolutionGuid = {AE09E713-A1EE-446B-B841-8C11116A53FD}
	EndGlobalSection
EndGlobal
